
Microsoft Visual Studio Solution File, Format Version 12.00
# Visual Studio 2012
Project("{8BC9CEB8-8B4A-11D0-8D11-00A0C91BC942}") = "kraken", "kraken\kraken.vcxproj", "{5DAC4C17-F6DA-4409-9038-587833EDA780}"
EndProject
Project("{8BC9CEB8-8B4A-11D0-8D11-00A0C91BC942}") = "kraken_test", "kraken_test\kraken_test.vcxproj", "{85795385-2556-4351-8FA1-011BCA0665AD}"
EndProject
Project("{8BC9CEB8-8B4A-11D0-8D11-00A0C91BC942}") = "kraken_console", "kraken_console\kraken_console.vcxproj", "{EB4559C6-F4F8-4BDC-98A7-96A03E06D24A}"
EndProject
Project("{8BC9CEB8-8B4A-11D0-8D11-00A0C91BC942}") = "simple_exe", "simple_exe\simple_exe.vcxproj", "{7E4000E2-8766-4CFC-A2FB-4B716A141CB6}"
EndProject
Project("{2150E333-8FDC-42A3-9474-1A3956D46DE8}") = "Solution Items", "Solution Items", "{04AEC90A-DA00-4137-86CC-C50C26DB6ED4}"
EndProject
Global
	GlobalSection(SolutionConfigurationPlatforms) = preSolution
		Debug|Win32 = Debug|Win32
		Release|Win32 = Release|Win32
	EndGlobalSection
	GlobalSection(ProjectConfigurationPlatforms) = postSolution
		{5DAC4C17-F6DA-4409-9038-587833EDA780}.Debug|Win32.ActiveCfg = Debug|Win32
		{5DAC4C17-F6DA-4409-9038-587833EDA780}.Debug|Win32.Build.0 = Debug|Win32
		{5DAC4C17-F6DA-4409-9038-587833EDA780}.Release|Win32.ActiveCfg = Release|Win32
		{5DAC4C17-F6DA-4409-9038-587833EDA780}.Release|Win32.Build.0 = Release|Win32
		{85795385-2556-4351-8FA1-011BCA0665AD}.Debug|Win32.ActiveCfg = Debug|Win32
		{85795385-2556-4351-8FA1-011BCA0665AD}.Debug|Win32.Build.0 = Debug|Win32
		{85795385-2556-4351-8FA1-011BCA0665AD}.Release|Win32.ActiveCfg = Release|Win32
		{85795385-2556-4351-8FA1-011BCA0665AD}.Release|Win32.Build.0 = Release|Win32
		{EB4559C6-F4F8-4BDC-98A7-96A03E06D24A}.Debug|Win32.ActiveCfg = Debug|Win32
		{EB4559C6-F4F8-4BDC-98A7-96A03E06D24A}.Debug|Win32.Build.0 = Debug|Win32
		{EB4559C6-F4F8-4BDC-98A7-96A03E06D24A}.Release|Win32.ActiveCfg = Release|Win32
		{EB4559C6-F4F8-4BDC-98A7-96A03E06D24A}.Release|Win32.Build.0 = Release|Win32
		{7E4000E2-8766-4CFC-A2FB-4B716A141CB6}.Debug|Win32.ActiveCfg = Debug|Win32
		{7E4000E2-8766-4CFC-A2FB-4B716A141CB6}.Debug|Win32.Build.0 = Debug|Win32
		{7E4000E2-8766-4CFC-A2FB-4B716A141CB6}.Release|Win32.ActiveCfg = Release|Win32
		{7E4000E2-8766-4CFC-A2FB-4B716A141CB6}.Release|Win32.Build.0 = Release|Win32
	EndGlobalSection
	GlobalSection(SolutionProperties) = preSolution
		HideSolutionNode = FALSE
	EndGlobalSection
EndGlobal
